
Microsoft Visual Studio Solution File, Format Version 12.00
# Visual Studio Version 17
VisualStudioVersion = 17.7.34024.191
MinimumVisualStudioVersion = 10.0.40219.1
Project("{FAE04EC0-301F-11D3-BF4B-00C04F79EFBC}") = "Telegram Bot", "Telegram Bot.csproj", "{8A07E5AA-5DC5-451A-9CBB-847D5190848C}"
EndProject
Global
	GlobalSection(SolutionConfigurationPlatforms) = preSolution
		Debug|Any CPU = Debug|Any CPU
		Release|Any CPU = Release|Any CPU
	EndGlobalSection
	GlobalSection(ProjectConfigurationPlatforms) = postSolution
		{8A07E5AA-5DC5-451A-9CBB-847D5190848C}.Debug|Any CPU.ActiveCfg = Debug|Any CPU
		{8A07E5AA-5DC5-451A-9CBB-847D5190848C}.Debug|Any CPU.Build.0 = Debug|Any CPU
		{8A07E5AA-5DC5-451A-9CBB-847D5190848C}.Release|Any CPU.ActiveCfg = Release|Any CPU
		{8A07E5AA-5DC5-451A-9CBB-847D5190848C}.Release|Any CPU.Build.0 = Release|Any CPU
	EndGlobalSection
	GlobalSection(SolutionProperties) = preSolution
		HideSolutionNode = FALSE
	EndGlobalSection
	GlobalSection(ExtensibilityGlobals) = postSolution
		SolutionGuid = {0B55A3BE-53DE-4EE2-93B8-0DCA7D32D14F}
	EndGlobalSection
EndGlobal
